<Solution>
    <Folder Name="/Solution Items/">
        <File Path=".editorconfig"/>
        <File Path=".github/workflows/build.yml"/>
        <File Path=".gitignore"/>
        <File Path="compose.yaml"/>
        <File Path="Directory.Build.props"/>
        <File Path="Directory.Packages.props"/>
    </Folder>
    <Folder Name="/Solution Items/Docs/">
        <File Path="docs/database.eraser"/>
        <File Path="docs/database.md"/>
        <File Path="docs/database.png"/>
    </Folder>
    <Folder Name="/src/">
        <Project Path="src/Time2Pay.Api/Time2Pay.Api.csproj"/>
    </Folder>
</Solution>
